
Microsoft Visual Studio Solution File, Format Version 12.00
# Visual Studio Version 16
VisualStudioVersion = 16.0.31729.503
MinimumVisualStudioVersion = 10.0.40219.1
Project("{FAE04EC0-301F-11D3-BF4B-00C04F79EFBC}") = "StringFunctions", "StringFunctions\StringFunctions.csproj", "{375E972F-6403-4B6E-B974-AB7C13CF2FD3}"
EndProject
Global
	GlobalSection(SolutionConfigurationPlatforms) = preSolution
		Debug|Any CPU = Debug|Any CPU
		Release|Any CPU = Release|Any CPU
	EndGlobalSection
	GlobalSection(ProjectConfigurationPlatforms) = postSolution
		{375E972F-6403-4B6E-B974-AB7C13CF2FD3}.Debug|Any CPU.ActiveCfg = Debug|Any CPU
		{375E972F-6403-4B6E-B974-AB7C13CF2FD3}.Debug|Any CPU.Build.0 = Debug|Any CPU
		{375E972F-6403-4B6E-B974-AB7C13CF2FD3}.Release|Any CPU.ActiveCfg = Release|Any CPU
		{375E972F-6403-4B6E-B974-AB7C13CF2FD3}.Release|Any CPU.Build.0 = Release|Any CPU
	EndGlobalSection
	GlobalSection(SolutionProperties) = preSolution
		HideSolutionNode = FALSE
	EndGlobalSection
	GlobalSection(ExtensibilityGlobals) = postSolution
		SolutionGuid = {3750279A-86E6-490A-A0D7-34D1F0735967}
	EndGlobalSection
EndGlobal
