
Microsoft Visual Studio Solution File, Format Version 12.00
# Visual Studio Version 16
VisualStudioVersion = 16.0.31729.503
MinimumVisualStudioVersion = 10.0.40219.1
Project("{FAE04EC0-301F-11D3-BF4B-00C04F79EFBC}") = "ArraysAssignment", "ArraysAssignment\ArraysAssignment.csproj", "{8266183F-8825-4190-BF0D-BAF9C65578D2}"
EndProject
Global
	GlobalSection(SolutionConfigurationPlatforms) = preSolution
		Debug|Any CPU = Debug|Any CPU
		Release|Any CPU = Release|Any CPU
	EndGlobalSection
	GlobalSection(ProjectConfigurationPlatforms) = postSolution
		{8266183F-8825-4190-BF0D-BAF9C65578D2}.Debug|Any CPU.ActiveCfg = Debug|Any CPU
		{8266183F-8825-4190-BF0D-BAF9C65578D2}.Debug|Any CPU.Build.0 = Debug|Any CPU
		{8266183F-8825-4190-BF0D-BAF9C65578D2}.Release|Any CPU.ActiveCfg = Release|Any CPU
		{8266183F-8825-4190-BF0D-BAF9C65578D2}.Release|Any CPU.Build.0 = Release|Any CPU
	EndGlobalSection
	GlobalSection(SolutionProperties) = preSolution
		HideSolutionNode = FALSE
	EndGlobalSection
	GlobalSection(ExtensibilityGlobals) = postSolution
		SolutionGuid = {3FBB55FA-463F-41CE-86AB-6F26BE1F193D}
	EndGlobalSection
EndGlobal
