
Microsoft Visual Studio Solution File, Format Version 12.00
# Visual Studio Version 16
VisualStudioVersion = 16.0.31729.503
MinimumVisualStudioVersion = 10.0.40219.1
Project("{FAE04EC0-301F-11D3-BF4B-00C04F79EFBC}") = "doWhileAssignment", "doWhileAssignment\doWhileAssignment.csproj", "{050E8F8B-1F0B-4541-8037-C6EA59BDFF2D}"
EndProject
Global
	GlobalSection(SolutionConfigurationPlatforms) = preSolution
		Debug|Any CPU = Debug|Any CPU
		Release|Any CPU = Release|Any CPU
	EndGlobalSection
	GlobalSection(ProjectConfigurationPlatforms) = postSolution
		{050E8F8B-1F0B-4541-8037-C6EA59BDFF2D}.Debug|Any CPU.ActiveCfg = Debug|Any CPU
		{050E8F8B-1F0B-4541-8037-C6EA59BDFF2D}.Debug|Any CPU.Build.0 = Debug|Any CPU
		{050E8F8B-1F0B-4541-8037-C6EA59BDFF2D}.Release|Any CPU.ActiveCfg = Release|Any CPU
		{050E8F8B-1F0B-4541-8037-C6EA59BDFF2D}.Release|Any CPU.Build.0 = Release|Any CPU
	EndGlobalSection
	GlobalSection(SolutionProperties) = preSolution
		HideSolutionNode = FALSE
	EndGlobalSection
	GlobalSection(ExtensibilityGlobals) = postSolution
		SolutionGuid = {ADF91F68-B102-4ED3-A1A0-88A590EB6D4D}
	EndGlobalSection
EndGlobal
