
Microsoft Visual Studio Solution File, Format Version 12.00
# Visual Studio Version 16
VisualStudioVersion = 16.0.31729.503
MinimumVisualStudioVersion = 10.0.40219.1
Project("{FAE04EC0-301F-11D3-BF4B-00C04F79EFBC}") = "LAMDAAssignment", "LAMDAAssignment\LAMDAAssignment.csproj", "{033F66EF-7C84-4B0B-9D4C-530DD65936F6}"
EndProject
Global
	GlobalSection(SolutionConfigurationPlatforms) = preSolution
		Debug|Any CPU = Debug|Any CPU
		Release|Any CPU = Release|Any CPU
	EndGlobalSection
	GlobalSection(ProjectConfigurationPlatforms) = postSolution
		{033F66EF-7C84-4B0B-9D4C-530DD65936F6}.Debug|Any CPU.ActiveCfg = Debug|Any CPU
		{033F66EF-7C84-4B0B-9D4C-530DD65936F6}.Debug|Any CPU.Build.0 = Debug|Any CPU
		{033F66EF-7C84-4B0B-9D4C-530DD65936F6}.Release|Any CPU.ActiveCfg = Release|Any CPU
		{033F66EF-7C84-4B0B-9D4C-530DD65936F6}.Release|Any CPU.Build.0 = Release|Any CPU
	EndGlobalSection
	GlobalSection(SolutionProperties) = preSolution
		HideSolutionNode = FALSE
	EndGlobalSection
	GlobalSection(ExtensibilityGlobals) = postSolution
		SolutionGuid = {6C051D1E-9179-46DB-88E7-62BAB938D1F0}
	EndGlobalSection
EndGlobal
